
Microsoft Visual Studio Solution File, Format Version 12.00
# Visual Studio Version 17
VisualStudioVersion = 17.3.32811.315
MinimumVisualStudioVersion = 10.0.40219.1
Project("{9A19103F-16F7-4668-BE54-9A1E7A4F7556}") = "OpenNLP.NET.Tests", "tests\OpenNLP.NET.Tests\OpenNLP.NET.Tests.csproj", "{5E3D0D68-FA3F-4A7F-B8A2-EF3025ACDDFA}"
EndProject
Project("{2150E333-8FDC-42A3-9474-1A3956D46DE8}") = "Build", "Build", "{2DEDF5FA-6CD5-4671-AF9B-4C2516F0DD8F}"
	ProjectSection(SolutionItems) = preProject
		build.fsx = build.fsx
		nuget\OpenNLP.template = nuget\OpenNLP.template
		paket.dependencies = paket.dependencies
		paket.lock = paket.lock
		README.md = README.md
		RELEASE_NOTES.md = RELEASE_NOTES.md
	EndProjectSection
EndProject
Project("{6EC3EE1D-3C4E-46DD-8F32-0CC8E7565705}") = "NameFinder.Trainer.Sample", "samples\NameFinder.Trainer.Sample\NameFinder.Trainer.Sample.fsproj", "{B7DB1670-CB38-4C99-99C2-73DD2337E0FC}"
EndProject
Global
	GlobalSection(SolutionConfigurationPlatforms) = preSolution
		Debug|Any CPU = Debug|Any CPU
		Debug|x64 = Debug|x64
		Debug|x86 = Debug|x86
		Release|Any CPU = Release|Any CPU
		Release|x64 = Release|x64
		Release|x86 = Release|x86
	EndGlobalSection
	GlobalSection(ProjectConfigurationPlatforms) = postSolution
		{5E3D0D68-FA3F-4A7F-B8A2-EF3025ACDDFA}.Debug|Any CPU.ActiveCfg = Debug|Any CPU
		{5E3D0D68-FA3F-4A7F-B8A2-EF3025ACDDFA}.Debug|Any CPU.Build.0 = Debug|Any CPU
		{5E3D0D68-FA3F-4A7F-B8A2-EF3025ACDDFA}.Debug|x64.ActiveCfg = Debug|Any CPU
		{5E3D0D68-FA3F-4A7F-B8A2-EF3025ACDDFA}.Debug|x64.Build.0 = Debug|Any CPU
		{5E3D0D68-FA3F-4A7F-B8A2-EF3025ACDDFA}.Debug|x86.ActiveCfg = Debug|Any CPU
		{5E3D0D68-FA3F-4A7F-B8A2-EF3025ACDDFA}.Debug|x86.Build.0 = Debug|Any CPU
		{5E3D0D68-FA3F-4A7F-B8A2-EF3025ACDDFA}.Release|Any CPU.ActiveCfg = Release|Any CPU
		{5E3D0D68-FA3F-4A7F-B8A2-EF3025ACDDFA}.Release|Any CPU.Build.0 = Release|Any CPU
		{5E3D0D68-FA3F-4A7F-B8A2-EF3025ACDDFA}.Release|x64.ActiveCfg = Release|Any CPU
		{5E3D0D68-FA3F-4A7F-B8A2-EF3025ACDDFA}.Release|x64.Build.0 = Release|Any CPU
		{5E3D0D68-FA3F-4A7F-B8A2-EF3025ACDDFA}.Release|x86.ActiveCfg = Release|Any CPU
		{5E3D0D68-FA3F-4A7F-B8A2-EF3025ACDDFA}.Release|x86.Build.0 = Release|Any CPU
		{B7DB1670-CB38-4C99-99C2-73DD2337E0FC}.Debug|Any CPU.ActiveCfg = Debug|Any CPU
		{B7DB1670-CB38-4C99-99C2-73DD2337E0FC}.Debug|Any CPU.Build.0 = Debug|Any CPU
		{B7DB1670-CB38-4C99-99C2-73DD2337E0FC}.Debug|x64.ActiveCfg = Debug|Any CPU
		{B7DB1670-CB38-4C99-99C2-73DD2337E0FC}.Debug|x64.Build.0 = Debug|Any CPU
		{B7DB1670-CB38-4C99-99C2-73DD2337E0FC}.Debug|x86.ActiveCfg = Debug|Any CPU
		{B7DB1670-CB38-4C99-99C2-73DD2337E0FC}.Debug|x86.Build.0 = Debug|Any CPU
		{B7DB1670-CB38-4C99-99C2-73DD2337E0FC}.Release|Any CPU.ActiveCfg = Release|Any CPU
		{B7DB1670-CB38-4C99-99C2-73DD2337E0FC}.Release|Any CPU.Build.0 = Release|Any CPU
		{B7DB1670-CB38-4C99-99C2-73DD2337E0FC}.Release|x64.ActiveCfg = Release|Any CPU
		{B7DB1670-CB38-4C99-99C2-73DD2337E0FC}.Release|x64.Build.0 = Release|Any CPU
		{B7DB1670-CB38-4C99-99C2-73DD2337E0FC}.Release|x86.ActiveCfg = Release|Any CPU
		{B7DB1670-CB38-4C99-99C2-73DD2337E0FC}.Release|x86.Build.0 = Release|Any CPU
	EndGlobalSection
	GlobalSection(SolutionProperties) = preSolution
		HideSolutionNode = FALSE
	EndGlobalSection
	GlobalSection(ExtensibilityGlobals) = postSolution
		SolutionGuid = {30DE6739-D544-4ACD-A591-C545B26C5B6B}
	EndGlobalSection
EndGlobal
